# This file is automatically @generated by Poetry 1.8.4 and should not be changed by hand.

[[package]]
name = "aiofiles"
version = "23.2.1"
description = "File support for asyncio."
optional = false
python-versions = ">=3.7"
files = [
    {file = "aiofiles-23.2.1-py3-none-any.whl", hash = "sha256:19297512c647d4b27a2cf7c34caa7e405c0d60b5560618a29a9fe027b18b0107"},
    {file = "aiofiles-23.2.1.tar.gz", hash = "sha256:84ec2218d8419404abcb9f0c02df3f34c6e0a68ed41072acfb1cef5cbc29051a"},
]

[[package]]
name = "tooler"
version = "0.5.0"
description = ""
optional = false
python-versions = "^3.10"
files = []
develop = false

[package.source]
type = "git"
url = "https://github.com/trojvn/tooler.git"
reference = "HEAD"
resolved_reference = "4e03d3510fd52f3023a4fa09fefbef6b28f4a942"

[metadata]
lock-version = "2.0"
python-versions = "^3.10"
content-hash = "ba0bba498726f89da242682d0b8e2ab042f2fc29f285949954872e0beb0b24d8"
